
Microsoft Visual Studio Solution File, Format Version 12.00
# Visual Studio Version 17
VisualStudioVersion = 17.6.33829.357
MinimumVisualStudioVersion = 10.0.40219.1
Project("{FAE04EC0-301F-11D3-BF4B-00C04F79EFBC}") = "SportsStore", "SportsStore\SportsStore.csproj", "{B630A20C-C3AA-4B20-A98C-D8ACD6BE8915}"
EndProject
Project("{FAE04EC0-301F-11D3-BF4B-00C04F79EFBC}") = "SportsStore.Tests", "SportsStore.Tests\SportsStore.Tests.csproj", "{FE9FE257-4B9A-4572-B3DF-9EB00BD804F1}"
EndProject
Global
	GlobalSection(SolutionConfigurationPlatforms) = preSolution
		Debug|Any CPU = Debug|Any CPU
		Release|Any CPU = Release|Any CPU
	EndGlobalSection
	GlobalSection(ProjectConfigurationPlatforms) = postSolution
		{B630A20C-C3AA-4B20-A98C-D8ACD6BE8915}.Debug|Any CPU.ActiveCfg = Debug|Any CPU
		{B630A20C-C3AA-4B20-A98C-D8ACD6BE8915}.Debug|Any CPU.Build.0 = Debug|Any CPU
		{B630A20C-C3AA-4B20-A98C-D8ACD6BE8915}.Release|Any CPU.ActiveCfg = Release|Any CPU
		{B630A20C-C3AA-4B20-A98C-D8ACD6BE8915}.Release|Any CPU.Build.0 = Release|Any CPU
		{FE9FE257-4B9A-4572-B3DF-9EB00BD804F1}.Debug|Any CPU.ActiveCfg = Debug|Any CPU
		{FE9FE257-4B9A-4572-B3DF-9EB00BD804F1}.Debug|Any CPU.Build.0 = Debug|Any CPU
		{FE9FE257-4B9A-4572-B3DF-9EB00BD804F1}.Release|Any CPU.ActiveCfg = Release|Any CPU
		{FE9FE257-4B9A-4572-B3DF-9EB00BD804F1}.Release|Any CPU.Build.0 = Release|Any CPU
	EndGlobalSection
	GlobalSection(SolutionProperties) = preSolution
		HideSolutionNode = FALSE
	EndGlobalSection
	GlobalSection(ExtensibilityGlobals) = postSolution
		SolutionGuid = {D80B0CBC-1092-49FA-9D18-201CC7B08AFA}
	EndGlobalSection
EndGlobal
